
Microsoft Visual Studio Solution File, Format Version 12.00
# Visual Studio Version 16
VisualStudioVersion = 16.0.31205.134
MinimumVisualStudioVersion = 10.0.40219.1
Project("{FAE04EC0-301F-11D3-BF4B-00C04F79EFBC}") = "01-HelloWorld", "01-HelloWorld\01-HelloWorld.csproj", "{5AAE5E57-3395-49C0-9AFD-C553333E992E}"
EndProject
Project("{FAE04EC0-301F-11D3-BF4B-00C04F79EFBC}") = "02_variables", "02_variables\02_variables.csproj", "{584EA4AA-DC3C-4239-8407-186CD4EAE679}"
EndProject
Project("{FAE04EC0-301F-11D3-BF4B-00C04F79EFBC}") = "03-BasicTypes", "03-BasicTypes\03-BasicTypes.csproj", "{B1439BDD-8F83-4763-A578-AD2F10FC4015}"
EndProject
Project("{FAE04EC0-301F-11D3-BF4B-00C04F79EFBC}") = "03_Types_Challenges", "03_Types_Challenges\03_Types_Challenges.csproj", "{3D675A20-6496-417F-B919-0F7FCA72877B}"
EndProject
Project("{FAE04EC0-301F-11D3-BF4B-00C04F79EFBC}") = "04_Operators", "04_Operators\04_Operators.csproj", "{8770F581-669A-47AF-B916-C271987E2635}"
EndProject
Project("{FAE04EC0-301F-11D3-BF4B-00C04F79EFBC}") = "05_Strings", "05_Strings\05_Strings.csproj", "{9A43755D-F61A-4F8B-8469-4DB737552D94}"
EndProject
Project("{FAE04EC0-301F-11D3-BF4B-00C04F79EFBC}") = "06_booleans", "06_booleans\06_booleans.csproj", "{D15E0CBA-32D2-4462-8510-A6094FC99EF9}"
EndProject
Project("{FAE04EC0-301F-11D3-BF4B-00C04F79EFBC}") = "06_boolean_challenges", "06_boolean_challenges\06_boolean_challenges.csproj", "{67CD9B3A-F63E-4CDB-8028-5F3D81C813A3}"
EndProject
Project("{FAE04EC0-301F-11D3-BF4B-00C04F79EFBC}") = "07_conditonals_switch", "07_conditonals_switch\07_conditonals_switch.csproj", "{2BE97D43-A123-4692-9BC9-B335AD641E6A}"
EndProject
Project("{FAE04EC0-301F-11D3-BF4B-00C04F79EFBC}") = "07_conditionals_if_else", "07_conditionals_if_else\07_conditionals_if_else.csproj", "{8DB09407-7F56-41E1-8872-D396BF5D0D50}"
EndProject
Global
	GlobalSection(SolutionConfigurationPlatforms) = preSolution
		Debug|Any CPU = Debug|Any CPU
		Release|Any CPU = Release|Any CPU
	EndGlobalSection
	GlobalSection(ProjectConfigurationPlatforms) = postSolution
		{5AAE5E57-3395-49C0-9AFD-C553333E992E}.Debug|Any CPU.ActiveCfg = Debug|Any CPU
		{5AAE5E57-3395-49C0-9AFD-C553333E992E}.Debug|Any CPU.Build.0 = Debug|Any CPU
		{5AAE5E57-3395-49C0-9AFD-C553333E992E}.Release|Any CPU.ActiveCfg = Release|Any CPU
		{5AAE5E57-3395-49C0-9AFD-C553333E992E}.Release|Any CPU.Build.0 = Release|Any CPU
		{584EA4AA-DC3C-4239-8407-186CD4EAE679}.Debug|Any CPU.ActiveCfg = Debug|Any CPU
		{584EA4AA-DC3C-4239-8407-186CD4EAE679}.Debug|Any CPU.Build.0 = Debug|Any CPU
		{584EA4AA-DC3C-4239-8407-186CD4EAE679}.Release|Any CPU.ActiveCfg = Release|Any CPU
		{584EA4AA-DC3C-4239-8407-186CD4EAE679}.Release|Any CPU.Build.0 = Release|Any CPU
		{B1439BDD-8F83-4763-A578-AD2F10FC4015}.Debug|Any CPU.ActiveCfg = Debug|Any CPU
		{B1439BDD-8F83-4763-A578-AD2F10FC4015}.Debug|Any CPU.Build.0 = Debug|Any CPU
		{B1439BDD-8F83-4763-A578-AD2F10FC4015}.Release|Any CPU.ActiveCfg = Release|Any CPU
		{B1439BDD-8F83-4763-A578-AD2F10FC4015}.Release|Any CPU.Build.0 = Release|Any CPU
		{3D675A20-6496-417F-B919-0F7FCA72877B}.Debug|Any CPU.ActiveCfg = Debug|Any CPU
		{3D675A20-6496-417F-B919-0F7FCA72877B}.Debug|Any CPU.Build.0 = Debug|Any CPU
		{3D675A20-6496-417F-B919-0F7FCA72877B}.Release|Any CPU.ActiveCfg = Release|Any CPU
		{3D675A20-6496-417F-B919-0F7FCA72877B}.Release|Any CPU.Build.0 = Release|Any CPU
		{8770F581-669A-47AF-B916-C271987E2635}.Debug|Any CPU.ActiveCfg = Debug|Any CPU
		{8770F581-669A-47AF-B916-C271987E2635}.Debug|Any CPU.Build.0 = Debug|Any CPU
		{8770F581-669A-47AF-B916-C271987E2635}.Release|Any CPU.ActiveCfg = Release|Any CPU
		{8770F581-669A-47AF-B916-C271987E2635}.Release|Any CPU.Build.0 = Release|Any CPU
		{9A43755D-F61A-4F8B-8469-4DB737552D94}.Debug|Any CPU.ActiveCfg = Debug|Any CPU
		{9A43755D-F61A-4F8B-8469-4DB737552D94}.Debug|Any CPU.Build.0 = Debug|Any CPU
		{9A43755D-F61A-4F8B-8469-4DB737552D94}.Release|Any CPU.ActiveCfg = Release|Any CPU
		{9A43755D-F61A-4F8B-8469-4DB737552D94}.Release|Any CPU.Build.0 = Release|Any CPU
		{D15E0CBA-32D2-4462-8510-A6094FC99EF9}.Debug|Any CPU.ActiveCfg = Debug|Any CPU
		{D15E0CBA-32D2-4462-8510-A6094FC99EF9}.Debug|Any CPU.Build.0 = Debug|Any CPU
		{D15E0CBA-32D2-4462-8510-A6094FC99EF9}.Release|Any CPU.ActiveCfg = Release|Any CPU
		{D15E0CBA-32D2-4462-8510-A6094FC99EF9}.Release|Any CPU.Build.0 = Release|Any CPU
		{67CD9B3A-F63E-4CDB-8028-5F3D81C813A3}.Debug|Any CPU.ActiveCfg = Debug|Any CPU
		{67CD9B3A-F63E-4CDB-8028-5F3D81C813A3}.Debug|Any CPU.Build.0 = Debug|Any CPU
		{67CD9B3A-F63E-4CDB-8028-5F3D81C813A3}.Release|Any CPU.ActiveCfg = Release|Any CPU
		{67CD9B3A-F63E-4CDB-8028-5F3D81C813A3}.Release|Any CPU.Build.0 = Release|Any CPU
		{2BE97D43-A123-4692-9BC9-B335AD641E6A}.Debug|Any CPU.ActiveCfg = Debug|Any CPU
		{2BE97D43-A123-4692-9BC9-B335AD641E6A}.Debug|Any CPU.Build.0 = Debug|Any CPU
		{2BE97D43-A123-4692-9BC9-B335AD641E6A}.Release|Any CPU.ActiveCfg = Release|Any CPU
		{2BE97D43-A123-4692-9BC9-B335AD641E6A}.Release|Any CPU.Build.0 = Release|Any CPU
		{8DB09407-7F56-41E1-8872-D396BF5D0D50}.Debug|Any CPU.ActiveCfg = Debug|Any CPU
		{8DB09407-7F56-41E1-8872-D396BF5D0D50}.Debug|Any CPU.Build.0 = Debug|Any CPU
		{8DB09407-7F56-41E1-8872-D396BF5D0D50}.Release|Any CPU.ActiveCfg = Release|Any CPU
		{8DB09407-7F56-41E1-8872-D396BF5D0D50}.Release|Any CPU.Build.0 = Release|Any CPU
	EndGlobalSection
	GlobalSection(SolutionProperties) = preSolution
		HideSolutionNode = FALSE
	EndGlobalSection
	GlobalSection(ExtensibilityGlobals) = postSolution
		SolutionGuid = {0C27EB67-C1AB-4992-A23B-3D6CC8D40077}
	EndGlobalSection
EndGlobal
